
Microsoft Visual Studio Solution File, Format Version 11.00
# Visual Studio 2010
Project("{FAE04EC0-301F-11D3-BF4B-00C04F79EFBC}") = "ITaoHuoEBuy", "ITaoHuoEBuy\ITaoHuoEBuy.csproj", "{8A00EE3B-3C88-49FE-8324-3AA3FE1D1ED0}"
EndProject
Global
	GlobalSection(SolutionConfigurationPlatforms) = preSolution
		Debug|Any CPU = Debug|Any CPU
		Release|Any CPU = Release|Any CPU
	EndGlobalSection
	GlobalSection(ProjectConfigurationPlatforms) = postSolution
		{8A00EE3B-3C88-49FE-8324-3AA3FE1D1ED0}.Debug|Any CPU.ActiveCfg = Debug|Any CPU
		{8A00EE3B-3C88-49FE-8324-3AA3FE1D1ED0}.Debug|Any CPU.Build.0 = Debug|Any CPU
		{8A00EE3B-3C88-49FE-8324-3AA3FE1D1ED0}.Release|Any CPU.ActiveCfg = Release|Any CPU
		{8A00EE3B-3C88-49FE-8324-3AA3FE1D1ED0}.Release|Any CPU.Build.0 = Release|Any CPU
	EndGlobalSection
	GlobalSection(SolutionProperties) = preSolution
		HideSolutionNode = FALSE
	EndGlobalSection
EndGlobal
